
Microsoft Visual Studio Solution File, Format Version 12.00
# Visual Studio Version 17
VisualStudioVersion = 17.10.35027.167
MinimumVisualStudioVersion = 10.0.40219.1
Project("{FAE04EC0-301F-11D3-BF4B-00C04F79EFBC}") = "MiniCore_Backend", "MiniCore_Backend.csproj", "{17AA4364-CC06-4E43-94C0-70C936CA2C4F}"
EndProject
Global
	GlobalSection(SolutionConfigurationPlatforms) = preSolution
		Debug|Any CPU = Debug|Any CPU
		Release|Any CPU = Release|Any CPU
	EndGlobalSection
	GlobalSection(ProjectConfigurationPlatforms) = postSolution
		{17AA4364-CC06-4E43-94C0-70C936CA2C4F}.Debug|Any CPU.ActiveCfg = Debug|Any CPU
		{17AA4364-CC06-4E43-94C0-70C936CA2C4F}.Debug|Any CPU.Build.0 = Debug|Any CPU
		{17AA4364-CC06-4E43-94C0-70C936CA2C4F}.Release|Any CPU.ActiveCfg = Release|Any CPU
		{17AA4364-CC06-4E43-94C0-70C936CA2C4F}.Release|Any CPU.Build.0 = Release|Any CPU
	EndGlobalSection
	GlobalSection(SolutionProperties) = preSolution
		HideSolutionNode = FALSE
	EndGlobalSection
	GlobalSection(ExtensibilityGlobals) = postSolution
		SolutionGuid = {A044F82F-8C35-4CD7-99CB-7EF185865752}
	EndGlobalSection
EndGlobal
